
Microsoft Visual Studio Solution File, Format Version 12.00
Project("{2150E333-8FDC-42A3-9474-1A3956D46DE8}") = "1. Enterprise Business Rules", "1. Enterprise Business Rules", "{FC2F110C-6C5D-4524-916D-B2F2D8865845}"
EndProject
Project("{2150E333-8FDC-42A3-9474-1A3956D46DE8}") = "2. Application Business Rules", "2. Application Business Rules", "{D5A66729-42FB-4C4E-9722-A4FEEDC47E89}"
EndProject
Project("{2150E333-8FDC-42A3-9474-1A3956D46DE8}") = "3. Interface Adapters", "3. Interface Adapters", "{22F4607B-EDD8-4361-BD4A-5E8B822F6FD2}"
EndProject
Project("{2150E333-8FDC-42A3-9474-1A3956D46DE8}") = "4. Frameworks and Drivers", "4. Frameworks and Drivers", "{6D7F83B3-BFE2-4C7C-ADF2-6114E0A29934}"
EndProject
Project("{FAE04EC0-301F-11D3-BF4B-00C04F79EFBC}") = "NorthWind.Sales.Entities", "NorthWind.Sales.Entities\NorthWind.Sales.Entities.csproj", "{51F1EAF9-FA52-42AE-85C5-4F18AA57205E}"
EndProject
Project("{FAE04EC0-301F-11D3-BF4B-00C04F79EFBC}") = "NorthWind.Sales.Backend.BusinessObjects", "NorthWind.Sales.Backend.BusinessObjects\NorthWind.Sales.Backend.BusinessObjects.csproj", "{1B4BCB0A-E139-4002-90D0-CEE98AE55C53}"
EndProject
Project("{FAE04EC0-301F-11D3-BF4B-00C04F79EFBC}") = "NorthWind.Sales.Backend.UseCases", "NorthWind.Sales.Backend.UseCases\NorthWind.Sales.Backend.UseCases.csproj", "{FCD4CF1E-BA2F-405A-ADD6-C10C3FA2C6E1}"
EndProject
Project("{2150E333-8FDC-42A3-9474-1A3956D46DE8}") = "Gateways", "Gateways", "{44DF0BD7-974C-4581-BC30-F93D34299249}"
EndProject
Project("{2150E333-8FDC-42A3-9474-1A3956D46DE8}") = "Repositories", "Repositories", "{1954C625-5A09-401B-A3D0-DE7C30AC74F0}"
EndProject
Project("{FAE04EC0-301F-11D3-BF4B-00C04F79EFBC}") = "NorthWind.Sales.Backend.Repositories", "NorthWind.Sales.Backend.Repositories\NorthWind.Sales.Backend.Repositories.csproj", "{4B1ACF33-3F91-40F8-BB6A-E610929E2451}"
EndProject
Project("{2150E333-8FDC-42A3-9474-1A3956D46DE8}") = "Presenters", "Presenters", "{FDAB1A4F-1287-4935-80FE-7377195D5431}"
EndProject
Project("{FAE04EC0-301F-11D3-BF4B-00C04F79EFBC}") = "NorthWind.Sales.Backend.Presenters", "NorthWind.Sales.Backend.Presenters\NorthWind.Sales.Backend.Presenters.csproj", "{09B15C11-C7D8-48E4-807B-9F9A4226A244}"
EndProject
Project("{2150E333-8FDC-42A3-9474-1A3956D46DE8}") = "Controllers", "Controllers", "{DB0BE87A-2CD4-4139-8740-C1EAB0188D35}"
EndProject
Project("{FAE04EC0-301F-11D3-BF4B-00C04F79EFBC}") = "NorthWind.Sales.Backend.Controllers", "NorthWind.Sales.Backend.Controllers\NorthWind.Sales.Backend.Controllers.csproj", "{151AACB3-1AFC-44C0-ABC7-8626B811FB86}"
EndProject
Project("{2150E333-8FDC-42A3-9474-1A3956D46DE8}") = "Frameworks", "Frameworks", "{0B8BC7AB-294B-41DF-917E-77D148C87DE3}"
EndProject
Project("{2150E333-8FDC-42A3-9474-1A3956D46DE8}") = "DataContexts", "DataContexts", "{68889059-4686-467D-A5DD-3DBA71FB622E}"
EndProject
Project("{FAE04EC0-301F-11D3-BF4B-00C04F79EFBC}") = "NorthWind.Sales.Backend.DataContexts.EFCore", "NorthWind.Sales.Backend.DataContexts.EFCore\NorthWind.Sales.Backend.DataContexts.EFCore.csproj", "{CD917647-8E4F-4EFF-A017-4A97AE31A4D4}"
EndProject
Project("{2150E333-8FDC-42A3-9474-1A3956D46DE8}") = "IoC", "IoC", "{91284285-81D4-46E5-8202-F8071063B608}"
EndProject
Project("{FAE04EC0-301F-11D3-BF4B-00C04F79EFBC}") = "NorthWind.Sales.Backend.IoC", "NorthWind.Sales.Backend.IoC\NorthWind.Sales.Backend.IoC.csproj", "{69D4EFF1-C430-4C4F-BA3A-07D0D8473E07}"
EndProject
Project("{2150E333-8FDC-42A3-9474-1A3956D46DE8}") = "UI", "UI", "{1545265B-13E9-439E-AE78-ECAC2E1F0781}"
EndProject
Project("{FAE04EC0-301F-11D3-BF4B-00C04F79EFBC}") = "NorthWind.Sales.WebApi", "NorthWind.Sales.WebApi\NorthWind.Sales.WebApi.csproj", "{E70E288F-651B-4DAE-B77D-422D76B20061}"
EndProject
Project("{FAE04EC0-301F-11D3-BF4B-00C04F79EFBC}") = "NorthWind.Sales.Frontend.BusinessObjects", "NorthWind.Sales.Frontend.BusinessObjects\NorthWind.Sales.Frontend.BusinessObjects.csproj", "{5F33B2AA-DA48-4336-B07C-FA0EDF0A0019}"
EndProject
Project("{2150E333-8FDC-42A3-9474-1A3956D46DE8}") = "WebApiGateways", "WebApiGateways", "{BB412633-37FD-4B92-9DB8-46794A8410CC}"
EndProject
Project("{FAE04EC0-301F-11D3-BF4B-00C04F79EFBC}") = "NorthWind.Sales.Frontend.WebApiGateways", "NorthWind.Sales.Frontend.WebApiGateways\NorthWind.Sales.Frontend.WebApiGateways.csproj", "{CF6C5BBC-3726-4D27-9279-43EE6A985F82}"
EndProject
Project("{2150E333-8FDC-42A3-9474-1A3956D46DE8}") = "Views", "Views", "{9E6F8068-86DF-4F7B-AC8E-1C10D76A0630}"
EndProject
Project("{FAE04EC0-301F-11D3-BF4B-00C04F79EFBC}") = "NorthWind.RazorComponents", "NorthWind.RazorComponents\NorthWind.RazorComponents.csproj", "{46D9490F-D25F-41BA-8835-2428BF46E271}"
EndProject
Project("{FAE04EC0-301F-11D3-BF4B-00C04F79EFBC}") = "NorthWind.Sales.Frontend.Views", "NorthWind.Sales.Frontend.Views\NorthWind.Sales.Frontend.Views.csproj", "{4B79B90E-3149-426F-AB70-D39DE00B6199}"
EndProject
Project("{FAE04EC0-301F-11D3-BF4B-00C04F79EFBC}") = "NorthWind.Sales.Frontend.IoC", "NorthWind.Sales.Frontend.IoC\NorthWind.Sales.Frontend.IoC.csproj", "{EA60520B-33FA-49F8-A89D-D405EF1130CA}"
EndProject
Project("{FAE04EC0-301F-11D3-BF4B-00C04F79EFBC}") = "NorthWind.Sales.BlazorClient", "NorthWind.Sales.BlazorClient\NorthWind.Sales.BlazorClient.csproj", "{942BB7CB-5CD9-472D-928C-3DB701EA6A2B}"
EndProject
Project("{FAE04EC0-301F-11D3-BF4B-00C04F79EFBC}") = "NorthWind.Validation.Entities", "NorthWind.Validation.Entities\NorthWind.Validation.Entities.csproj", "{3B84E8A9-29A3-4369-9858-9966C0571BB0}"
EndProject
Global
	GlobalSection(SolutionConfigurationPlatforms) = preSolution
		Debug|Any CPU = Debug|Any CPU
		Release|Any CPU = Release|Any CPU
	EndGlobalSection
	GlobalSection(NestedProjects) = preSolution
		{51F1EAF9-FA52-42AE-85C5-4F18AA57205E} = {FC2F110C-6C5D-4524-916D-B2F2D8865845}
		{1B4BCB0A-E139-4002-90D0-CEE98AE55C53} = {D5A66729-42FB-4C4E-9722-A4FEEDC47E89}
		{FCD4CF1E-BA2F-405A-ADD6-C10C3FA2C6E1} = {D5A66729-42FB-4C4E-9722-A4FEEDC47E89}
		{44DF0BD7-974C-4581-BC30-F93D34299249} = {22F4607B-EDD8-4361-BD4A-5E8B822F6FD2}
		{1954C625-5A09-401B-A3D0-DE7C30AC74F0} = {44DF0BD7-974C-4581-BC30-F93D34299249}
		{4B1ACF33-3F91-40F8-BB6A-E610929E2451} = {1954C625-5A09-401B-A3D0-DE7C30AC74F0}
		{FDAB1A4F-1287-4935-80FE-7377195D5431} = {22F4607B-EDD8-4361-BD4A-5E8B822F6FD2}
		{09B15C11-C7D8-48E4-807B-9F9A4226A244} = {FDAB1A4F-1287-4935-80FE-7377195D5431}
		{DB0BE87A-2CD4-4139-8740-C1EAB0188D35} = {22F4607B-EDD8-4361-BD4A-5E8B822F6FD2}
		{151AACB3-1AFC-44C0-ABC7-8626B811FB86} = {DB0BE87A-2CD4-4139-8740-C1EAB0188D35}
		{0B8BC7AB-294B-41DF-917E-77D148C87DE3} = {6D7F83B3-BFE2-4C7C-ADF2-6114E0A29934}
		{68889059-4686-467D-A5DD-3DBA71FB622E} = {0B8BC7AB-294B-41DF-917E-77D148C87DE3}
		{CD917647-8E4F-4EFF-A017-4A97AE31A4D4} = {68889059-4686-467D-A5DD-3DBA71FB622E}
		{91284285-81D4-46E5-8202-F8071063B608} = {6D7F83B3-BFE2-4C7C-ADF2-6114E0A29934}
		{69D4EFF1-C430-4C4F-BA3A-07D0D8473E07} = {91284285-81D4-46E5-8202-F8071063B608}
		{1545265B-13E9-439E-AE78-ECAC2E1F0781} = {6D7F83B3-BFE2-4C7C-ADF2-6114E0A29934}
		{E70E288F-651B-4DAE-B77D-422D76B20061} = {1545265B-13E9-439E-AE78-ECAC2E1F0781}
		{5F33B2AA-DA48-4336-B07C-FA0EDF0A0019} = {D5A66729-42FB-4C4E-9722-A4FEEDC47E89}
		{BB412633-37FD-4B92-9DB8-46794A8410CC} = {44DF0BD7-974C-4581-BC30-F93D34299249}
		{CF6C5BBC-3726-4D27-9279-43EE6A985F82} = {BB412633-37FD-4B92-9DB8-46794A8410CC}
		{9E6F8068-86DF-4F7B-AC8E-1C10D76A0630} = {22F4607B-EDD8-4361-BD4A-5E8B822F6FD2}
		{46D9490F-D25F-41BA-8835-2428BF46E271} = {9E6F8068-86DF-4F7B-AC8E-1C10D76A0630}
		{4B79B90E-3149-426F-AB70-D39DE00B6199} = {9E6F8068-86DF-4F7B-AC8E-1C10D76A0630}
		{EA60520B-33FA-49F8-A89D-D405EF1130CA} = {91284285-81D4-46E5-8202-F8071063B608}
		{942BB7CB-5CD9-472D-928C-3DB701EA6A2B} = {1545265B-13E9-439E-AE78-ECAC2E1F0781}
		{3B84E8A9-29A3-4369-9858-9966C0571BB0} = {FC2F110C-6C5D-4524-916D-B2F2D8865845}
	EndGlobalSection
	GlobalSection(ProjectConfigurationPlatforms) = postSolution
		{51F1EAF9-FA52-42AE-85C5-4F18AA57205E}.Debug|Any CPU.ActiveCfg = Debug|Any CPU
		{51F1EAF9-FA52-42AE-85C5-4F18AA57205E}.Debug|Any CPU.Build.0 = Debug|Any CPU
		{51F1EAF9-FA52-42AE-85C5-4F18AA57205E}.Release|Any CPU.ActiveCfg = Release|Any CPU
		{51F1EAF9-FA52-42AE-85C5-4F18AA57205E}.Release|Any CPU.Build.0 = Release|Any CPU
		{1B4BCB0A-E139-4002-90D0-CEE98AE55C53}.Debug|Any CPU.ActiveCfg = Debug|Any CPU
		{1B4BCB0A-E139-4002-90D0-CEE98AE55C53}.Debug|Any CPU.Build.0 = Debug|Any CPU
		{1B4BCB0A-E139-4002-90D0-CEE98AE55C53}.Release|Any CPU.ActiveCfg = Release|Any CPU
		{1B4BCB0A-E139-4002-90D0-CEE98AE55C53}.Release|Any CPU.Build.0 = Release|Any CPU
		{FCD4CF1E-BA2F-405A-ADD6-C10C3FA2C6E1}.Debug|Any CPU.ActiveCfg = Debug|Any CPU
		{FCD4CF1E-BA2F-405A-ADD6-C10C3FA2C6E1}.Debug|Any CPU.Build.0 = Debug|Any CPU
		{FCD4CF1E-BA2F-405A-ADD6-C10C3FA2C6E1}.Release|Any CPU.ActiveCfg = Release|Any CPU
		{FCD4CF1E-BA2F-405A-ADD6-C10C3FA2C6E1}.Release|Any CPU.Build.0 = Release|Any CPU
		{4B1ACF33-3F91-40F8-BB6A-E610929E2451}.Debug|Any CPU.ActiveCfg = Debug|Any CPU
		{4B1ACF33-3F91-40F8-BB6A-E610929E2451}.Debug|Any CPU.Build.0 = Debug|Any CPU
		{4B1ACF33-3F91-40F8-BB6A-E610929E2451}.Release|Any CPU.ActiveCfg = Release|Any CPU
		{4B1ACF33-3F91-40F8-BB6A-E610929E2451}.Release|Any CPU.Build.0 = Release|Any CPU
		{09B15C11-C7D8-48E4-807B-9F9A4226A244}.Debug|Any CPU.ActiveCfg = Debug|Any CPU
		{09B15C11-C7D8-48E4-807B-9F9A4226A244}.Debug|Any CPU.Build.0 = Debug|Any CPU
		{09B15C11-C7D8-48E4-807B-9F9A4226A244}.Release|Any CPU.ActiveCfg = Release|Any CPU
		{09B15C11-C7D8-48E4-807B-9F9A4226A244}.Release|Any CPU.Build.0 = Release|Any CPU
		{151AACB3-1AFC-44C0-ABC7-8626B811FB86}.Debug|Any CPU.ActiveCfg = Debug|Any CPU
		{151AACB3-1AFC-44C0-ABC7-8626B811FB86}.Debug|Any CPU.Build.0 = Debug|Any CPU
		{151AACB3-1AFC-44C0-ABC7-8626B811FB86}.Release|Any CPU.ActiveCfg = Release|Any CPU
		{151AACB3-1AFC-44C0-ABC7-8626B811FB86}.Release|Any CPU.Build.0 = Release|Any CPU
		{CD917647-8E4F-4EFF-A017-4A97AE31A4D4}.Debug|Any CPU.ActiveCfg = Debug|Any CPU
		{CD917647-8E4F-4EFF-A017-4A97AE31A4D4}.Debug|Any CPU.Build.0 = Debug|Any CPU
		{CD917647-8E4F-4EFF-A017-4A97AE31A4D4}.Release|Any CPU.ActiveCfg = Release|Any CPU
		{CD917647-8E4F-4EFF-A017-4A97AE31A4D4}.Release|Any CPU.Build.0 = Release|Any CPU
		{69D4EFF1-C430-4C4F-BA3A-07D0D8473E07}.Debug|Any CPU.ActiveCfg = Debug|Any CPU
		{69D4EFF1-C430-4C4F-BA3A-07D0D8473E07}.Debug|Any CPU.Build.0 = Debug|Any CPU
		{69D4EFF1-C430-4C4F-BA3A-07D0D8473E07}.Release|Any CPU.ActiveCfg = Release|Any CPU
		{69D4EFF1-C430-4C4F-BA3A-07D0D8473E07}.Release|Any CPU.Build.0 = Release|Any CPU
		{E70E288F-651B-4DAE-B77D-422D76B20061}.Debug|Any CPU.ActiveCfg = Debug|Any CPU
		{E70E288F-651B-4DAE-B77D-422D76B20061}.Debug|Any CPU.Build.0 = Debug|Any CPU
		{E70E288F-651B-4DAE-B77D-422D76B20061}.Release|Any CPU.ActiveCfg = Release|Any CPU
		{E70E288F-651B-4DAE-B77D-422D76B20061}.Release|Any CPU.Build.0 = Release|Any CPU
		{5F33B2AA-DA48-4336-B07C-FA0EDF0A0019}.Debug|Any CPU.ActiveCfg = Debug|Any CPU
		{5F33B2AA-DA48-4336-B07C-FA0EDF0A0019}.Debug|Any CPU.Build.0 = Debug|Any CPU
		{5F33B2AA-DA48-4336-B07C-FA0EDF0A0019}.Release|Any CPU.ActiveCfg = Release|Any CPU
		{5F33B2AA-DA48-4336-B07C-FA0EDF0A0019}.Release|Any CPU.Build.0 = Release|Any CPU
		{CF6C5BBC-3726-4D27-9279-43EE6A985F82}.Debug|Any CPU.ActiveCfg = Debug|Any CPU
		{CF6C5BBC-3726-4D27-9279-43EE6A985F82}.Debug|Any CPU.Build.0 = Debug|Any CPU
		{CF6C5BBC-3726-4D27-9279-43EE6A985F82}.Release|Any CPU.ActiveCfg = Release|Any CPU
		{CF6C5BBC-3726-4D27-9279-43EE6A985F82}.Release|Any CPU.Build.0 = Release|Any CPU
		{46D9490F-D25F-41BA-8835-2428BF46E271}.Debug|Any CPU.ActiveCfg = Debug|Any CPU
		{46D9490F-D25F-41BA-8835-2428BF46E271}.Debug|Any CPU.Build.0 = Debug|Any CPU
		{46D9490F-D25F-41BA-8835-2428BF46E271}.Release|Any CPU.ActiveCfg = Release|Any CPU
		{46D9490F-D25F-41BA-8835-2428BF46E271}.Release|Any CPU.Build.0 = Release|Any CPU
		{4B79B90E-3149-426F-AB70-D39DE00B6199}.Debug|Any CPU.ActiveCfg = Debug|Any CPU
		{4B79B90E-3149-426F-AB70-D39DE00B6199}.Debug|Any CPU.Build.0 = Debug|Any CPU
		{4B79B90E-3149-426F-AB70-D39DE00B6199}.Release|Any CPU.ActiveCfg = Release|Any CPU
		{4B79B90E-3149-426F-AB70-D39DE00B6199}.Release|Any CPU.Build.0 = Release|Any CPU
		{EA60520B-33FA-49F8-A89D-D405EF1130CA}.Debug|Any CPU.ActiveCfg = Debug|Any CPU
		{EA60520B-33FA-49F8-A89D-D405EF1130CA}.Debug|Any CPU.Build.0 = Debug|Any CPU
		{EA60520B-33FA-49F8-A89D-D405EF1130CA}.Release|Any CPU.ActiveCfg = Release|Any CPU
		{EA60520B-33FA-49F8-A89D-D405EF1130CA}.Release|Any CPU.Build.0 = Release|Any CPU
		{942BB7CB-5CD9-472D-928C-3DB701EA6A2B}.Debug|Any CPU.ActiveCfg = Debug|Any CPU
		{942BB7CB-5CD9-472D-928C-3DB701EA6A2B}.Debug|Any CPU.Build.0 = Debug|Any CPU
		{942BB7CB-5CD9-472D-928C-3DB701EA6A2B}.Release|Any CPU.ActiveCfg = Release|Any CPU
		{942BB7CB-5CD9-472D-928C-3DB701EA6A2B}.Release|Any CPU.Build.0 = Release|Any CPU
		{3B84E8A9-29A3-4369-9858-9966C0571BB0}.Debug|Any CPU.ActiveCfg = Debug|Any CPU
		{3B84E8A9-29A3-4369-9858-9966C0571BB0}.Debug|Any CPU.Build.0 = Debug|Any CPU
		{3B84E8A9-29A3-4369-9858-9966C0571BB0}.Release|Any CPU.ActiveCfg = Release|Any CPU
		{3B84E8A9-29A3-4369-9858-9966C0571BB0}.Release|Any CPU.Build.0 = Release|Any CPU
	EndGlobalSection
EndGlobal
